// !$*UTF8*$!
{
	archiveVersion = 1;
	classes = {
	};
	objectVersion = 46;
	objects = {

/* Begin PBXBuildFile section */
		8E1DF04D1E6C778200B4EAC8 /* AppDelegate.swift in Sources */ = {isa = PBXBuildFile; fileRef = 8E1DF04C1E6C778200B4EAC8 /* AppDelegate.swift */; };
		8E1DF04F1E6C778200B4EAC8 /* ViewController.swift in Sources */ = {isa = PBXBuildFile; fileRef = 8E1DF04E1E6C778200B4EAC8 /* ViewController.swift */; };
		8E1DF0521E6C778200B4EAC8 /* Main.storyboard in Resources */ = {isa = PBXBuildFile; fileRef = 8E1DF0501E6C778200B4EAC8 /* Main.storyboard */; };
		8E1DF0541E6C778200B4EAC8 /* Assets.xcassets in Resources */ = {isa = PBXBuildFile; fileRef = 8E1DF0531E6C778200B4EAC8 /* Assets.xcassets */; };
		8E1DF0571E6C778200B4EAC8 /* LaunchScreen.storyboard in Resources */ = {isa = PBXBuildFile; fileRef = 8E1DF0551E6C778200B4EAC8 /* LaunchScreen.storyboard */; };
		8E1DF0621E6C778200B4EAC8 /* _ProjectTests.swift in Sources */ = {isa = PBXBuildFile; fileRef = 8E1DF0611E6C778200B4EAC8 /* _ProjectTests.swift */; };
		8E1DF06D1E6C778200B4EAC8 /* _ProjectUITests.swift in Sources */ = {isa = PBXBuildFile; fileRef = 8E1DF06C1E6C778200B4EAC8 /* _ProjectUITests.swift */; };
/* End PBXBuildFile section */

/* Begin PBXContainerItemProxy section */
		8E1DF05E1E6C778200B4EAC8 /* PBXContainerItemProxy */ = {
			isa = PBXContainerItemProxy;
			containerPortal = 8E1DF0411E6C778200B4EAC8 /* Project object */;
			proxyType = 1;
			remoteGlobalIDString = 8E1DF0481E6C778200B4EAC8;
			remoteInfo = 1Project;
		};
		8E1DF0691E6C778200B4EAC8 /* PBXContainerItemProxy */ = {
			isa = PBXContainerItemProxy;
			containerPortal = 8E1DF0411E6C778200B4EAC8 /* Project object */;
			proxyType = 1;
			remoteGlobalIDString = 8E1DF0481E6C778200B4EAC8;
			remoteInfo = 1Project;
		};
/* End PBXContainerItemProxy section */

/* Begin PBXFileReference section */
		8E1DF0491E6C778200B4EAC8 /* 1Project.app */ = {isa = PBXFileReference; explicitFileType = wrapper.application; includeInIndex = 0; path = 1Project.app; sourceTree = BUILT_PRODUCTS_DIR; };
		8E1DF04C1E6C778200B4EAC8 /* AppDelegate.swift */ = {isa = PBXFileReference; lastKnownFileType = sourcecode.swift; path = AppDelegate.swift; sourceTree = "<group>"; };
		8E1DF04E1E6C778200B4EAC8 /* ViewController.swift */ = {isa = PBXFileReference; lastKnownFileType = sourcecode.swift; path = ViewController.swift; sourceTree = "<group>"; };
		8E1DF0511E6C778200B4EAC8 /* Base */ = {isa = PBXFileReference; lastKnownFileType = file.storyboard; name = Base; path = Base.lproj/Main.storyboard; sourceTree = "<group>"; };
		8E1DF0531E6C778200B4EAC8 /* Assets.xcassets */ = {isa = PBXFileReference; lastKnownFileType = folder.assetcatalog; path = Assets.xcassets; sourceTree = "<group>"; };
		8E1DF0561E6C778200B4EAC8 /* Base */ = {isa = PBXFileReference; lastKnownFileType = file.storyboard; name = Base; path = Base.lproj/LaunchScreen.storyboard; sourceTree = "<group>"; };
		8E1DF0581E6C778200B4EAC8 /* Info.plist */ = {isa = PBXFileReference; lastKnownFileType = text.plist.xml; path = Info.plist; sourceTree = "<group>"; };
		8E1DF05D1E6C778200B4EAC8 /* 1ProjectTests.xctest */ = {isa = PBXFileReference; explicitFileType = wrapper.cfbundle; includeInIndex = 0; path = 1ProjectTests.xctest; sourceTree = BUILT_PRODUCTS_DIR; };
		8E1DF0611E6C778200B4EAC8 /* _ProjectTests.swift */ = {isa = PBXFileReference; lastKnownFileType = sourcecode.swift; path = _ProjectTests.swift; sourceTree = "<group>"; };
		8E1DF0631E6C778200B4EAC8 /* Info.plist */ = {isa = PBXFileReference; lastKnownFileType = text.plist.xml; path = Info.plist; sourceTree = "<group>"; };
		8E1DF0681E6C778200B4EAC8 /* 1ProjectUITests.xctest */ = {isa = PBXFileReference; explicitFileType = wrapper.cfbundle; includeInIndex = 0; path = 1ProjectUITests.xctest; sourceTree = BUILT_PRODUCTS_DIR; };
		8E1DF06C1E6C778200B4EAC8 /* _ProjectUITests.swift */ = {isa = PBXFileReference; lastKnownFileType = sourcecode.swift; path = _ProjectUITests.swift; sourceTree = "<group>"; };
		8E1DF06E1E6C778200B4EAC8 /* Info.plist */ = {isa = PBXFileReference; lastKnownFileType = text.plist.xml; path = Info.plist; sourceTree = "<group>"; };
/* End PBXFileReference section */

/* Begin PBXFrameworksBuildPhase section */
		8E1DF0461E6C778200B4EAC8 /* Frameworks */ = {
			isa = PBXFrameworksBuildPhase;
			buildActionMask = 2147483647;
			files = (
			);
			runOnlyForDeploymentPostprocessing = 0;
		};
		8E1DF05A1E6C778200B4EAC8 /* Frameworks */ = {
			isa = PBXFrameworksBuildPhase;
			buildActionMask = 2147483647;
			files = (
			);
			runOnlyForDeploymentPostprocessing = 0;
		};
		8E1DF0651E6C778200B4EAC8 /* Frameworks */ = {
			isa = PBXFrameworksBuildPhase;
			buildActionMask = 2147483647;
			files = (
			);
			runOnlyForDeploymentPostprocessing = 0;
		};
/* End PBXFrameworksBuildPhase section */

/* Begin PBXGroup section */
		8E1DF0401E6C778200B4EAC8 = {
			isa = PBXGroup;
			children = (
				8E1DF04B1E6C778200B4EAC8 /* 1Project */,
				8E1DF0601E6C778200B4EAC8 /* 1ProjectTests */,
				8E1DF06B1E6C778200B4EAC8 /* 1ProjectUITests */,
				8E1DF04A1E6C778200B4EAC8 /* Products */,
			);
			sourceTree = "<group>";
		};
		8E1DF04A1E6C778200B4EAC8 /* Products */ = {
			isa = PBXGroup;
			children = (
				8E1DF0491E6C778200B4EAC8 /* 1Project.app */,
				8E1DF05D1E6C778200B4EAC8 /* 1ProjectTests.xctest */,
				8E1DF0681E6C778200B4EAC8 /* 1ProjectUITests.xctest */,
			);
			name = Products;
			sourceTree = "<group>";
		};
		8E1DF04B1E6C778200B4EAC8 /* 1Project */ = {
			isa = PBXGroup;
			children = (
				8E1DF04C1E6C778200B4EAC8 /* AppDelegate.swift */,
				8E1DF04E1E6C778200B4EAC8 /* ViewController.swift */,
				8E1DF0501E6C778200B4EAC8 /* Main.storyboard */,
				8E1DF0531E6C778200B4EAC8 /* Assets.xcassets */,
				8E1DF0551E6C778200B4EAC8 /* LaunchScreen.storyboard */,
				8E1DF0581E6C778200B4EAC8 /* Info.plist */,
			);
			path = 1Project;
			sourceTree = "<group>";
		};
		8E1DF0601E6C778200B4EAC8 /* 1ProjectTests */ = {
			isa = PBXGroup;
			children = (
				8E1DF0611E6C778200B4EAC8 /* _ProjectTests.swift */,
				8E1DF0631E6C778200B4EAC8 /* Info.plist */,
			);
			path = 1ProjectTests;
			sourceTree = "<group>";
		};
		8E1DF06B1E6C778200B4EAC8 /* 1ProjectUITests */ = {
			isa = PBXGroup;
			children = (
				8E1DF06C1E6C778200B4EAC8 /* _ProjectUITests.swift */,
				8E1DF06E1E6C778200B4EAC8 /* Info.plist */,
			);
			path = 1ProjectUITests;
			sourceTree = "<group>";
		};
/* End PBXGroup section */

/* Begin PBXNativeTarget section */
		8E1DF0481E6C778200B4EAC8 /* 1Project */ = {
			isa = PBXNativeTarget;
			buildConfigurationList = 8E1DF0711E6C778200B4EAC8 /* Build configuration list for PBXNativeTarget "1Project" */;
			buildPhases = (
				8E1DF0451E6C778200B4EAC8 /* Sources */,
				8E1DF0461E6C778200B4EAC8 /* Frameworks */,
				8E1DF0471E6C778200B4EAC8 /* Resources */,
			);
			buildRules = (
			);
			dependencies = (
			);
			name = 1Project;
			productName = 1Project;
			productReference = 8E1DF0491E6C778200B4EAC8 /* 1Project.app */;
			productType = "com.apple.product-type.application";
		};
		8E1DF05C1E6C778200B4EAC8 /* 1ProjectTests */ = {
			isa = PBXNativeTarget;
			buildConfigurationList = 8E1DF0741E6C778200B4EAC8 /* Build configuration list for PBXNativeTarget "1ProjectTests" */;
			buildPhases = (
				8E1DF0591E6C778200B4EAC8 /* Sources */,
				8E1DF05A1E6C778200B4EAC8 /* Frameworks */,
				8E1DF05B1E6C778200B4EAC8 /* Resources */,
			);
			buildRules = (
			);
			dependencies = (
				8E1DF05F1E6C778200B4EAC8 /* PBXTargetDependency */,
			);
			name = 1ProjectTests;
			productName = 1ProjectTests;
			productReference = 8E1DF05D1E6C778200B4EAC8 /* 1ProjectTests.xctest */;
			productType = "com.apple.product-type.bundle.unit-test";
		};
		8E1DF0671E6C778200B4EAC8 /* 1ProjectUITests */ = {
			isa = PBXNativeTarget;
			buildConfigurationList = 8E1DF0771E6C778200B4EAC8 /* Build configuration list for PBXNativeTarget "1ProjectUITests" */;
			buildPhases = (
				8E1DF0641E6C778200B4EAC8 /* Sources */,
				8E1DF0651E6C778200B4EAC8 /* Frameworks */,
				8E1DF0661E6C778200B4EAC8 /* Resources */,
			);
			buildRules = (
			);
			dependencies = (
				8E1DF06A1E6C778200B4EAC8 /* PBXTargetDependency */,
			);
			name = 1ProjectUITests;
			productName = 1ProjectUITests;
			productReference = 8E1DF0681E6C778200B4EAC8 /* 1ProjectUITests.xctest */;
			productType = "com.apple.product-type.bundle.ui-testing";
		};
/* End PBXNativeTarget section */

/* Begin PBXProject section */
		8E1DF0411E6C778200B4EAC8 /* Project object */ = {
			isa = PBXProject;
			attributes = {
				LastSwiftUpdateCheck = 0720;
				LastUpgradeCheck = 0720;
				ORGANIZATIONNAME = "Eprikyan Oganes";
				TargetAttributes = {
					8E1DF0481E6C778200B4EAC8 = {
						CreatedOnToolsVersion = 7.2;
					};
					8E1DF05C1E6C778200B4EAC8 = {
						CreatedOnToolsVersion = 7.2;
						TestTargetID = 8E1DF0481E6C778200B4EAC8;
					};
					8E1DF0671E6C778200B4EAC8 = {
						CreatedOnToolsVersion = 7.2;
						TestTargetID = 8E1DF0481E6C778200B4EAC8;
					};
				};
			};
			buildConfigurationList = 8E1DF0441E6C778200B4EAC8 /* Build configuration list for PBXProject "1Project" */;
			compatibilityVersion = "Xcode 3.2";
			developmentRegion = English;
			hasScannedForEncodings = 0;
			knownRegions = (
				en,
				Base,
			);
			mainGroup = 8E1DF0401E6C778200B4EAC8;
			productRefGroup = 8E1DF04A1E6C778200B4EAC8 /* Products */;
			projectDirPath = "";
			projectRoot = "";
			targets = (
				8E1DF0481E6C778200B4EAC8 /* 1Project */,
				8E1DF05C1E6C778200B4EAC8 /* 1ProjectTests */,
				8E1DF0671E6C778200B4EAC8 /* 1ProjectUITests */,
			);
		};
/* End PBXProject section */

/* Begin PBXResourcesBuildPhase section */
		8E1DF0471E6C778200B4EAC8 /* Resources */ = {
			isa = PBXResourcesBuildPhase;
			buildActionMask = 2147483647;
			files = (
				8E1DF0571E6C778200B4EAC8 /* LaunchScreen.storyboard in Resources */,
				8E1DF0541E6C778200B4EAC8 /* Assets.xcassets in Resources */,
				8E1DF0521E6C778200B4EAC8 /* Main.storyboard in Resources */,
			);
			runOnlyForDeploymentPostprocessing = 0;
		};
		8E1DF05B1E6C778200B4EAC8 /* Resources */ = {
			isa = PBXResourcesBuildPhase;
			buildActionMask = 2147483647;
			files = (
			);
			runOnlyForDeploymentPostprocessing = 0;
		};
		8E1DF0661E6C778200B4EAC8 /* Resources */ = {
			isa = PBXResourcesBuildPhase;
			buildActionMask = 2147483647;
			files = (
			);
			runOnlyForDeploymentPostprocessing = 0;
		};
/* End PBXResourcesBuildPhase section */

/* Begin PBXSourcesBuildPhase section */
		8E1DF0451E6C778200B4EAC8 /* Sources */ = {
			isa = PBXSourcesBuildPhase;
			buildActionMask = 2147483647;
			files = (
				8E1DF04F1E6C778200B4EAC8 /* ViewController.swift in Sources */,
				8E1DF04D1E6C778200B4EAC8 /* AppDelegate.swift in Sources */,
			);
			runOnlyForDeploymentPostprocessing = 0;
		};
		8E1DF0591E6C778200B4EAC8 /* Sources */ = {
			isa = PBXSourcesBuildPhase;
			buildActionMask = 2147483647;
			files = (
				8E1DF0621E6C778200B4EAC8 /* _ProjectTests.swift in Sources */,
			);
			runOnlyForDeploymentPostprocessing = 0;
		};
		8E1DF0641E6C778200B4EAC8 /* Sources */ = {
			isa = PBXSourcesBuildPhase;
			buildActionMask = 2147483647;
			files = (
				8E1DF06D1E6C778200B4EAC8 /* _ProjectUITests.swift in Sources */,
			);
			runOnlyForDeploymentPostprocessing = 0;
		};
/* End PBXSourcesBuildPhase section */

/* Begin PBXTargetDependency section */
		8E1DF05F1E6C778200B4EAC8 /* PBXTargetDependency */ = {
			isa = PBXTargetDependency;
			target = 8E1DF0481E6C778200B4EAC8 /* 1Project */;
			targetProxy = 8E1DF05E1E6C778200B4EAC8 /* PBXContainerItemProxy */;
		};
		8E1DF06A1E6C778200B4EAC8 /* PBXTargetDependency */ = {
			isa = PBXTargetDependency;
			target = 8E1DF0481E6C778200B4EAC8 /* 1Project */;
			targetProxy = 8E1DF0691E6C778200B4EAC8 /* PBXContainerItemProxy */;
		};
/* End PBXTargetDependency section */

/* Begin PBXVariantGroup section */
		8E1DF0501E6C778200B4EAC8 /* Main.storyboard */ = {
			isa = PBXVariantGroup;
			children = (
				8E1DF0511E6C778200B4EAC8 /* Base */,
			);
			name = Main.storyboard;
			sourceTree = "<group>";
		};
		8E1DF0551E6C778200B4EAC8 /* LaunchScreen.storyboard */ = {
			isa = PBXVariantGroup;
			children = (
				8E1DF0561E6C778200B4EAC8 /* Base */,
			);
			name = LaunchScreen.storyboard;
			sourceTree = "<group>";
		};
/* End PBXVariantGroup section */

/* Begin XCBuildConfiguration section */
		8E1DF06F1E6C778200B4EAC8 /* Debug */ = {
			isa = XCBuildConfiguration;
			buildSettings = {
				ALWAYS_SEARCH_USER_PATHS = NO;
				CLANG_CXX_LANGUAGE_STANDARD = "gnu++0x";
				CLANG_CXX_LIBRARY = "libc++";
				CLANG_ENABLE_MODULES = YES;
				CLANG_ENABLE_OBJC_ARC = YES;
				CLANG_WARN_BOOL_CONVERSION = YES;
				CLANG_WARN_CONSTANT_CONVERSION = YES;
				CLANG_WARN_DIRECT_OBJC_ISA_USAGE = YES_ERROR;
				CLANG_WARN_EMPTY_BODY = YES;
				CLANG_WARN_ENUM_CONVERSION = YES;
				CLANG_WARN_INT_CONVERSION = YES;
				CLANG_WARN_OBJC_ROOT_CLASS = YES_ERROR;
				CLANG_WARN_UNREACHABLE_CODE = YES;
				CLANG_WARN__DUPLICATE_METHOD_MATCH = YES;
				"CODE_SIGN_IDENTITY[sdk=iphoneos*]" = "iPhone Developer";
				COPY_PHASE_STRIP = NO;
				DEBUG_INFORMATION_FORMAT = dwarf;
				ENABLE_STRICT_OBJC_MSGSEND = YES;
				ENABLE_TESTABILITY = YES;
				GCC_C_LANGUAGE_STANDARD = gnu99;
				GCC_DYNAMIC_NO_PIC = NO;
				GCC_NO_COMMON_BLOCKS = YES;
				GCC_OPTIMIZATION_LEVEL = 0;
				GCC_PREPROCESSOR_DEFINITIONS = (
					"DEBUG=1",
					"$(inherited)",
				);
				GCC_WARN_64_TO_32_BIT_CONVERSION = YES;
				GCC_WARN_ABOUT_RETURN_TYPE = YES_ERROR;
				GCC_WARN_UNDECLARED_SELECTOR = YES;
				GCC_WARN_UNINITIALIZED_AUTOS = YES_AGGRESSIVE;
				GCC_WARN_UNUSED_FUNCTION = YES;
				GCC_WARN_UNUSED_VARIABLE = YES;
				IPHONEOS_DEPLOYMENT_TARGET = 9.2;
				MTL_ENABLE_DEBUG_INFO = YES;
				ONLY_ACTIVE_ARCH = YES;
				SDKROOT = iphoneos;
				SWIFT_OPTIMIZATION_LEVEL = "-Onone";
			};
			name = Debug;
		};
		8E1DF0701E6C778200B4EAC8 /* Release */ = {
			isa = XCBuildConfiguration;
			buildSettings = {
				ALWAYS_SEARCH_USER_PATHS = NO;
				CLANG_CXX_LANGUAGE_STANDARD = "gnu++0x";
				CLANG_CXX_LIBRARY = "libc++";
				CLANG_ENABLE_MODULES = YES;
				CLANG_ENABLE_OBJC_ARC = YES;
				CLANG_WARN_BOOL_CONVERSION = YES;
				CLANG_WARN_CONSTANT_CONVERSION = YES;
				CLANG_WARN_DIRECT_OBJC_ISA_USAGE = YES_ERROR;
				CLANG_WARN_EMPTY_BODY = YES;
				CLANG_WARN_ENUM_CONVERSION = YES;
				CLANG_WARN_INT_CONVERSION = YES;
				CLANG_WARN_OBJC_ROOT_CLASS = YES_ERROR;
				CLANG_WARN_UNREACHABLE_CODE = YES;
				CLANG_WARN__DUPLICATE_METHOD_MATCH = YES;
				"CODE_SIGN_IDENTITY[sdk=iphoneos*]" = "iPhone Developer";
				COPY_PHASE_STRIP = NO;
				DEBUG_INFORMATION_FORMAT = "dwarf-with-dsym";
				ENABLE_NS_ASSERTIONS = NO;
				ENABLE_STRICT_OBJC_MSGSEND = YES;
				GCC_C_LANGUAGE_STANDARD = gnu99;
				GCC_NO_COMMON_BLOCKS = YES;
				GCC_WARN_64_TO_32_BIT_CONVERSION = YES;
				GCC_WARN_ABOUT_RETURN_TYPE = YES_ERROR;
				GCC_WARN_UNDECLARED_SELECTOR = YES;
				GCC_WARN_UNINITIALIZED_AUTOS = YES_AGGRESSIVE;
				GCC_WARN_UNUSED_FUNCTION = YES;
				GCC_WARN_UNUSED_VARIABLE = YES;
				IPHONEOS_DEPLOYMENT_TARGET = 9.2;
				MTL_ENABLE_DEBUG_INFO = NO;
				SDKROOT = iphoneos;
				VALIDATE_PRODUCT = YES;
			};
			name = Release;
		};
		8E1DF0721E6C778200B4EAC8 /* Debug */ = {
			isa = XCBuildConfiguration;
			buildSettings = {
				ASSETCATALOG_COMPILER_APPICON_NAME = AppIcon;
				INFOPLIST_FILE = 1Project/Info.plist;
				LD_RUNPATH_SEARCH_PATHS = "$(inherited) @executable_path/Frameworks";
				PRODUCT_BUNDLE_IDENTIFIER = "-2.-Project";
				PRODUCT_NAME = "$(TARGET_NAME)";
			};
			name = Debug;
		};
		8E1DF0731E6C778200B4EAC8 /* Release */ = {
			isa = XCBuildConfiguration;
			buildSettings = {
				ASSETCATALOG_COMPILER_APPICON_NAME = AppIcon;
				INFOPLIST_FILE = 1Project/Info.plist;
				LD_RUNPATH_SEARCH_PATHS = "$(inherited) @executable_path/Frameworks";
				PRODUCT_BUNDLE_IDENTIFIER = "-2.-Project";
				PRODUCT_NAME = "$(TARGET_NAME)";
			};
			name = Release;
		};
		8E1DF0751E6C778200B4EAC8 /* Debug */ = {
			isa = XCBuildConfiguration;
			buildSettings = {
				BUNDLE_LOADER = "$(TEST_HOST)";
				INFOPLIST_FILE = 1ProjectTests/Info.plist;
				LD_RUNPATH_SEARCH_PATHS = "$(inherited) @executable_path/Frameworks @loader_path/Frameworks";
				PRODUCT_BUNDLE_IDENTIFIER = "-2.-ProjectTests";
				PRODUCT_NAME = "$(TARGET_NAME)";
				TEST_HOST = "$(BUILT_PRODUCTS_DIR)/1Project.app/1Project";
			};
			name = Debug;
		};
		8E1DF0761E6C778200B4EAC8 /* Release */ = {
			isa = XCBuildConfiguration;
			buildSettings = {
				BUNDLE_LOADER = "$(TEST_HOST)";
				INFOPLIST_FILE = 1ProjectTests/Info.plist;
				LD_RUNPATH_SEARCH_PATHS = "$(inherited) @executable_path/Frameworks @loader_path/Frameworks";
				PRODUCT_BUNDLE_IDENTIFIER = "-2.-ProjectTests";
				PRODUCT_NAME = "$(TARGET_NAME)";
				TEST_HOST = "$(BUILT_PRODUCTS_DIR)/1Project.app/1Project";
			};
			name = Release;
		};
		8E1DF0781E6C778200B4EAC8 /* Debug */ = {
			isa = XCBuildConfiguration;
			buildSettings = {
				INFOPLIST_FILE = 1ProjectUITests/Info.plist;
				LD_RUNPATH_SEARCH_PATHS = "$(inherited) @executable_path/Frameworks @loader_path/Frameworks";
				PRODUCT_BUNDLE_IDENTIFIER = "-2.-ProjectUITests";
				PRODUCT_NAME = "$(TARGET_NAME)";
				TEST_TARGET_NAME = 1Project;
				USES_XCTRUNNER = YES;
			};
			name = Debug;
		};
		8E1DF0791E6C778200B4EAC8 /* Release */ = {
			isa = XCBuildConfiguration;
			buildSettings = {
				INFOPLIST_FILE = 1ProjectUITests/Info.plist;
				LD_RUNPATH_SEARCH_PATHS = "$(inherited) @executable_path/Frameworks @loader_path/Frameworks";
				PRODUCT_BUNDLE_IDENTIFIER = "-2.-ProjectUITests";
				PRODUCT_NAME = "$(TARGET_NAME)";
				TEST_TARGET_NAME = 1Project;
				USES_XCTRUNNER = YES;
			};
			name = Release;
		};
/* End XCBuildConfiguration section */

/* Begin XCConfigurationList section */
		8E1DF0441E6C778200B4EAC8 /* Build configuration list for PBXProject "1Project" */ = {
			isa = XCConfigurationList;
			buildConfigurations = (
				8E1DF06F1E6C778200B4EAC8 /* Debug */,
				8E1DF0701E6C778200B4EAC8 /* Release */,
			);
			defaultConfigurationIsVisible = 0;
			defaultConfigurationName = Release;
		};
		8E1DF0711E6C778200B4EAC8 /* Build configuration list for PBXNativeTarget "1Project" */ = {
			isa = XCConfigurationList;
			buildConfigurations = (
				8E1DF0721E6C778200B4EAC8 /* Debug */,
				8E1DF0731E6C778200B4EAC8 /* Release */,
			);
			defaultConfigurationIsVisible = 0;
		};
		8E1DF0741E6C778200B4EAC8 /* Build configuration list for PBXNativeTarget "1ProjectTests" */ = {
			isa = XCConfigurationList;
			buildConfigurations = (
				8E1DF0751E6C778200B4EAC8 /* Debug */,
				8E1DF0761E6C778200B4EAC8 /* Release */,
			);
			defaultConfigurationIsVisible = 0;
		};
		8E1DF0771E6C778200B4EAC8 /* Build configuration list for PBXNativeTarget "1ProjectUITests" */ = {
			isa = XCConfigurationList;
			buildConfigurations = (
				8E1DF0781E6C778200B4EAC8 /* Debug */,
				8E1DF0791E6C778200B4EAC8 /* Release */,
			);
			defaultConfigurationIsVisible = 0;
		};
/* End XCConfigurationList section */
	};
	rootObject = 8E1DF0411E6C778200B4EAC8 /* Project object */;
}
